// !$*UTF8*$!
{
	archiveVersion = 1;
	classes = {
	};
	objectVersion = 60;
	objects = {

/* Begin PBXBuildFile section */
		8E0604C52A9A2A860028B1D5 /* Starfield.jpg in Resources */ = {isa = PBXBuildFile; fileRef = 8E0604C42A9A2A860028B1D5 /* Starfield.jpg */; };
		8E0604E72A9A307F0028B1D5 /* Constants.swift in Sources */ = {isa = PBXBuildFile; fileRef = 8E0604E62A9A307F0028B1D5 /* Constants.swift */; };
		8E0605192A9A39680028B1D5 /* RealityKitContent in Frameworks */ = {isa = PBXBuildFile; productRef = 8E0605182A9A39680028B1D5 /* RealityKitContent */; };
		8E4CAD8C2A98E5A600270F0D /* PlayerView.swift in Sources */ = {isa = PBXBuildFile; fileRef = 8E4CAD8B2A98E5A600270F0D /* PlayerView.swift */; };
		8E4CAD8E2A98E5C900270F0D /* PlayerModel.swift in Sources */ = {isa = PBXBuildFile; fileRef = 8E4CAD8D2A98E5C900270F0D /* PlayerModel.swift */; };
		8EF955532A94F488009CE3F3 /* Day30App.swift in Sources */ = {isa = PBXBuildFile; fileRef = 8EF955522A94F488009CE3F3 /* Day30App.swift */; };
		8EF955552A94F488009CE3F3 /* ContentView.swift in Sources */ = {isa = PBXBuildFile; fileRef = 8EF955542A94F488009CE3F3 /* ContentView.swift */; };
		8EF955572A94F488009CE3F3 /* ImmersiveView.swift in Sources */ = {isa = PBXBuildFile; fileRef = 8EF955562A94F488009CE3F3 /* ImmersiveView.swift */; };
		8EF955592A94F48A009CE3F3 /* Assets.xcassets in Resources */ = {isa = PBXBuildFile; fileRef = 8EF955582A94F48A009CE3F3 /* Assets.xcassets */; };
/* End PBXBuildFile section */

/* Begin PBXFileReference section */
		8E0604C42A9A2A860028B1D5 /* Starfield.jpg */ = {isa = PBXFileReference; lastKnownFileType = image.jpeg; path = Starfield.jpg; sourceTree = "<group>"; };
		8E0604E62A9A307F0028B1D5 /* Constants.swift */ = {isa = PBXFileReference; lastKnownFileType = sourcecode.swift; path = Constants.swift; sourceTree = "<group>"; };
		8E4CAD8B2A98E5A600270F0D /* PlayerView.swift */ = {isa = PBXFileReference; lastKnownFileType = sourcecode.swift; path = PlayerView.swift; sourceTree = "<group>"; };
		8E4CAD8D2A98E5C900270F0D /* PlayerModel.swift */ = {isa = PBXFileReference; lastKnownFileType = sourcecode.swift; path = PlayerModel.swift; sourceTree = "<group>"; };
		8EF9554B2A94F488009CE3F3 /* Day30.app */ = {isa = PBXFileReference; explicitFileType = wrapper.application; includeInIndex = 0; path = Day30.app; sourceTree = BUILT_PRODUCTS_DIR; };
		8EF955522A94F488009CE3F3 /* Day30App.swift */ = {isa = PBXFileReference; lastKnownFileType = sourcecode.swift; path = Day30App.swift; sourceTree = "<group>"; };
		8EF955542A94F488009CE3F3 /* ContentView.swift */ = {isa = PBXFileReference; lastKnownFileType = sourcecode.swift; path = ContentView.swift; sourceTree = "<group>"; };
		8EF955562A94F488009CE3F3 /* ImmersiveView.swift */ = {isa = PBXFileReference; lastKnownFileType = sourcecode.swift; path = ImmersiveView.swift; sourceTree = "<group>"; };
		8EF955582A94F48A009CE3F3 /* Assets.xcassets */ = {isa = PBXFileReference; lastKnownFileType = folder.assetcatalog; path = Assets.xcassets; sourceTree = "<group>"; };
/* End PBXFileReference section */

/* Begin PBXFrameworksBuildPhase section */
		8EF955482A94F488009CE3F3 /* Frameworks */ = {
			isa = PBXFrameworksBuildPhase;
			buildActionMask = 2147483647;
			files = (
				8E0605192A9A39680028B1D5 /* RealityKitContent in Frameworks */,
			);
			runOnlyForDeploymentPostprocessing = 0;
		};
/* End PBXFrameworksBuildPhase section */

/* Begin PBXGroup section */
		8E0604C32A9A2A610028B1D5 /* Resources */ = {
			isa = PBXGroup;
			children = (
				8E0604C42A9A2A860028B1D5 /* Starfield.jpg */,
			);
			path = Resources;
			sourceTree = "<group>";
		};
		8EF955422A94F488009CE3F3 = {
			isa = PBXGroup;
			children = (
				8EF9554D2A94F488009CE3F3 /* Day30 */,
				8EF9554C2A94F488009CE3F3 /* Products */,
			);
			sourceTree = "<group>";
		};
		8EF9554C2A94F488009CE3F3 /* Products */ = {
			isa = PBXGroup;
			children = (
				8EF9554B2A94F488009CE3F3 /* Day30.app */,
			);
			name = Products;
			sourceTree = "<group>";
		};
		8EF9554D2A94F488009CE3F3 /* Day30 */ = {
			isa = PBXGroup;
			children = (
				8E0604C32A9A2A610028B1D5 /* Resources */,
				8E0604E62A9A307F0028B1D5 /* Constants.swift */,
				8EF955522A94F488009CE3F3 /* Day30App.swift */,
				8EF955542A94F488009CE3F3 /* ContentView.swift */,
				8EF955562A94F488009CE3F3 /* ImmersiveView.swift */,
				8E4CAD8B2A98E5A600270F0D /* PlayerView.swift */,
				8E4CAD8D2A98E5C900270F0D /* PlayerModel.swift */,
				8EF955582A94F48A009CE3F3 /* Assets.xcassets */,
			);
			path = Day30;
			sourceTree = "<group>";
		};
/* End PBXGroup section */

/* Begin PBXNativeTarget section */
		8EF9554A2A94F488009CE3F3 /* Day30 */ = {
			isa = PBXNativeTarget;
			buildConfigurationList = 8EF9555F2A94F48A009CE3F3 /* Build configuration list for PBXNativeTarget "Day30" */;
			buildPhases = (
				8EF955472A94F488009CE3F3 /* Sources */,
				8EF955482A94F488009CE3F3 /* Frameworks */,
				8EF955492A94F488009CE3F3 /* Resources */,
			);
			buildRules = (
			);
			dependencies = (
			);
			name = Day30;
			packageProductDependencies = (
				8E0605182A9A39680028B1D5 /* RealityKitContent */,
			);
			productName = Day30;
			productReference = 8EF9554B2A94F488009CE3F3 /* Day30.app */;
			productType = "com.apple.product-type.application";
		};
/* End PBXNativeTarget section */

/* Begin PBXProject section */
		8EF955432A94F488009CE3F3 /* Project object */ = {
			isa = PBXProject;
			attributes = {
				BuildIndependentTargetsInParallel = 1;
				LastSwiftUpdateCheck = 1500;
				LastUpgradeCheck = 1500;
				TargetAttributes = {
					8EF9554A2A94F488009CE3F3 = {
						CreatedOnToolsVersion = 15.0;
					};
				};
			};
			buildConfigurationList = 8EF955462A94F488009CE3F3 /* Build configuration list for PBXProject "Day30" */;
			compatibilityVersion = "Xcode 14.0";
			developmentRegion = en;
			hasScannedForEncodings = 0;
			knownRegions = (
				en,
				Base,
			);
			mainGroup = 8EF955422A94F488009CE3F3;
			packageReferences = (
				8E0605172A9A39680028B1D5 /* XCLocalSwiftPackageReference "Packages/RealityKitContent" */,
			);
			productRefGroup = 8EF9554C2A94F488009CE3F3 /* Products */;
			projectDirPath = "";
			projectRoot = "";
			targets = (
				8EF9554A2A94F488009CE3F3 /* Day30 */,
			);
		};
/* End PBXProject section */

/* Begin PBXResourcesBuildPhase section */
		8EF955492A94F488009CE3F3 /* Resources */ = {
			isa = PBXResourcesBuildPhase;
			buildActionMask = 2147483647;
			files = (
				8E0604C52A9A2A860028B1D5 /* Starfield.jpg in Resources */,
				8EF955592A94F48A009CE3F3 /* Assets.xcassets in Resources */,
			);
			runOnlyForDeploymentPostprocessing = 0;
		};
/* End PBXResourcesBuildPhase section */

/* Begin PBXSourcesBuildPhase section */
		8EF955472A94F488009CE3F3 /* Sources */ = {
			isa = PBXSourcesBuildPhase;
			buildActionMask = 2147483647;
			files = (
				8EF955552A94F488009CE3F3 /* ContentView.swift in Sources */,
				8EF955532A94F488009CE3F3 /* Day30App.swift in Sources */,
				8EF955572A94F488009CE3F3 /* ImmersiveView.swift in Sources */,
				8E4CAD8C2A98E5A600270F0D /* PlayerView.swift in Sources */,
				8E0604E72A9A307F0028B1D5 /* Constants.swift in Sources */,
				8E4CAD8E2A98E5C900270F0D /* PlayerModel.swift in Sources */,
			);
			runOnlyForDeploymentPostprocessing = 0;
		};
/* End PBXSourcesBuildPhase section */

/* Begin XCBuildConfiguration section */
		8EF9555D2A94F48A009CE3F3 /* Debug */ = {
			isa = XCBuildConfiguration;
			buildSettings = {
				ALWAYS_SEARCH_USER_PATHS = NO;
				ASSETCATALOG_COMPILER_GENERATE_SWIFT_ASSET_SYMBOL_EXTENSIONS = YES;
				CLANG_ANALYZER_NONNULL = YES;
				CLANG_ANALYZER_NUMBER_OBJECT_CONVERSION = YES_AGGRESSIVE;
				CLANG_CXX_LANGUAGE_STANDARD = "gnu++20";
				CLANG_ENABLE_MODULES = YES;
				CLANG_ENABLE_OBJC_ARC = YES;
				CLANG_ENABLE_OBJC_WEAK = YES;
				CLANG_WARN_BLOCK_CAPTURE_AUTORELEASING = YES;
				CLANG_WARN_BOOL_CONVERSION = YES;
				CLANG_WARN_COMMA = YES;
				CLANG_WARN_CONSTANT_CONVERSION = YES;
				CLANG_WARN_DEPRECATED_OBJC_IMPLEMENTATIONS = YES;
				CLANG_WARN_DIRECT_OBJC_ISA_USAGE = YES_ERROR;
				CLANG_WARN_DOCUMENTATION_COMMENTS = YES;
				CLANG_WARN_EMPTY_BODY = YES;
				CLANG_WARN_ENUM_CONVERSION = YES;
				CLANG_WARN_INFINITE_RECURSION = YES;
				CLANG_WARN_INT_CONVERSION = YES;
				CLANG_WARN_NON_LITERAL_NULL_CONVERSION = YES;
				CLANG_WARN_OBJC_IMPLICIT_RETAIN_SELF = YES;
				CLANG_WARN_OBJC_LITERAL_CONVERSION = YES;
				CLANG_WARN_OBJC_ROOT_CLASS = YES_ERROR;
				CLANG_WARN_QUOTED_INCLUDE_IN_FRAMEWORK_HEADER = YES;
				CLANG_WARN_RANGE_LOOP_ANALYSIS = YES;
				CLANG_WARN_STRICT_PROTOTYPES = YES;
				CLANG_WARN_SUSPICIOUS_MOVE = YES;
				CLANG_WARN_UNGUARDED_AVAILABILITY = YES_AGGRESSIVE;
				CLANG_WARN_UNREACHABLE_CODE = YES;
				CLANG_WARN__DUPLICATE_METHOD_MATCH = YES;
				COPY_PHASE_STRIP = NO;
				DEBUG_INFORMATION_FORMAT = dwarf;
				ENABLE_STRICT_OBJC_MSGSEND = YES;
				ENABLE_TESTABILITY = YES;
				ENABLE_USER_SCRIPT_SANDBOXING = YES;
				GCC_C_LANGUAGE_STANDARD = gnu17;
				GCC_DYNAMIC_NO_PIC = NO;
				GCC_NO_COMMON_BLOCKS = YES;
				GCC_OPTIMIZATION_LEVEL = 0;
				GCC_PREPROCESSOR_DEFINITIONS = (
					"DEBUG=1",
					"$(inherited)",
				);
				GCC_WARN_64_TO_32_BIT_CONVERSION = YES;
				GCC_WARN_ABOUT_RETURN_TYPE = YES_ERROR;
				GCC_WARN_UNDECLARED_SELECTOR = YES;
				GCC_WARN_UNINITIALIZED_AUTOS = YES_AGGRESSIVE;
				GCC_WARN_UNUSED_FUNCTION = YES;
				GCC_WARN_UNUSED_VARIABLE = YES;
				LOCALIZATION_PREFERS_STRING_CATALOGS = YES;
				MTL_ENABLE_DEBUG_INFO = INCLUDE_SOURCE;
				MTL_FAST_MATH = YES;
				ONLY_ACTIVE_ARCH = YES;
				SDKROOT = xros;
				SWIFT_ACTIVE_COMPILATION_CONDITIONS = "DEBUG $(inherited)";
				SWIFT_OPTIMIZATION_LEVEL = "-Onone";
				XROS_DEPLOYMENT_TARGET = 1.0;
			};
			name = Debug;
		};
		8EF9555E2A94F48A009CE3F3 /* Release */ = {
			isa = XCBuildConfiguration;
			buildSettings = {
				ALWAYS_SEARCH_USER_PATHS = NO;
				ASSETCATALOG_COMPILER_GENERATE_SWIFT_ASSET_SYMBOL_EXTENSIONS = YES;
				CLANG_ANALYZER_NONNULL = YES;
				CLANG_ANALYZER_NUMBER_OBJECT_CONVERSION = YES_AGGRESSIVE;
				CLANG_CXX_LANGUAGE_STANDARD = "gnu++20";
				CLANG_ENABLE_MODULES = YES;
				CLANG_ENABLE_OBJC_ARC = YES;
				CLANG_ENABLE_OBJC_WEAK = YES;
				CLANG_WARN_BLOCK_CAPTURE_AUTORELEASING = YES;
				CLANG_WARN_BOOL_CONVERSION = YES;
				CLANG_WARN_COMMA = YES;
				CLANG_WARN_CONSTANT_CONVERSION = YES;
				CLANG_WARN_DEPRECATED_OBJC_IMPLEMENTATIONS = YES;
				CLANG_WARN_DIRECT_OBJC_ISA_USAGE = YES_ERROR;
				CLANG_WARN_DOCUMENTATION_COMMENTS = YES;
				CLANG_WARN_EMPTY_BODY = YES;
				CLANG_WARN_ENUM_CONVERSION = YES;
				CLANG_WARN_INFINITE_RECURSION = YES;
				CLANG_WARN_INT_CONVERSION = YES;
				CLANG_WARN_NON_LITERAL_NULL_CONVERSION = YES;
				CLANG_WARN_OBJC_IMPLICIT_RETAIN_SELF = YES;
				CLANG_WARN_OBJC_LITERAL_CONVERSION = YES;
				CLANG_WARN_OBJC_ROOT_CLASS = YES_ERROR;
				CLANG_WARN_QUOTED_INCLUDE_IN_FRAMEWORK_HEADER = YES;
				CLANG_WARN_RANGE_LOOP_ANALYSIS = YES;
				CLANG_WARN_STRICT_PROTOTYPES = YES;
				CLANG_WARN_SUSPICIOUS_MOVE = YES;
				CLANG_WARN_UNGUARDED_AVAILABILITY = YES_AGGRESSIVE;
				CLANG_WARN_UNREACHABLE_CODE = YES;
				CLANG_WARN__DUPLICATE_METHOD_MATCH = YES;
				COPY_PHASE_STRIP = NO;
				DEBUG_INFORMATION_FORMAT = "dwarf-with-dsym";
				ENABLE_NS_ASSERTIONS = NO;
				ENABLE_STRICT_OBJC_MSGSEND = YES;
				ENABLE_USER_SCRIPT_SANDBOXING = YES;
				GCC_C_LANGUAGE_STANDARD = gnu17;
				GCC_NO_COMMON_BLOCKS = YES;
				GCC_WARN_64_TO_32_BIT_CONVERSION = YES;
				GCC_WARN_ABOUT_RETURN_TYPE = YES_ERROR;
				GCC_WARN_UNDECLARED_SELECTOR = YES;
				GCC_WARN_UNINITIALIZED_AUTOS = YES_AGGRESSIVE;
				GCC_WARN_UNUSED_FUNCTION = YES;
				GCC_WARN_UNUSED_VARIABLE = YES;
				LOCALIZATION_PREFERS_STRING_CATALOGS = YES;
				MTL_ENABLE_DEBUG_INFO = NO;
				MTL_FAST_MATH = YES;
				SDKROOT = xros;
				SWIFT_COMPILATION_MODE = wholemodule;
				VALIDATE_PRODUCT = YES;
				XROS_DEPLOYMENT_TARGET = 1.0;
			};
			name = Release;
		};
		8EF955602A94F48A009CE3F3 /* Debug */ = {
			isa = XCBuildConfiguration;
			buildSettings = {
				ASSETCATALOG_COMPILER_APPICON_NAME = AppIcon;
				CODE_SIGN_STYLE = Automatic;
				CURRENT_PROJECT_VERSION = 1;
				DEVELOPMENT_TEAM = 247V527KAQ;
				ENABLE_PREVIEWS = YES;
				GENERATE_INFOPLIST_FILE = YES;
				INFOPLIST_KEY_UIApplicationSceneManifest_Generation = YES;
				LD_RUNPATH_SEARCH_PATHS = (
					"$(inherited)",
					"@executable_path/Frameworks",
				);
				MARKETING_VERSION = 1.0;
				PRODUCT_BUNDLE_IDENTIFIER = tokyo.shmdevelopment.Day30;
				PRODUCT_NAME = "$(TARGET_NAME)";
				SUPPORTED_PLATFORMS = "xros xrsimulator";
				SWIFT_EMIT_LOC_STRINGS = YES;
				SWIFT_VERSION = 5.0;
				TARGETED_DEVICE_FAMILY = "1,2,7";
			};
			name = Debug;
		};
		8EF955612A94F48A009CE3F3 /* Release */ = {
			isa = XCBuildConfiguration;
			buildSettings = {
				ASSETCATALOG_COMPILER_APPICON_NAME = AppIcon;
				CODE_SIGN_STYLE = Automatic;
				CURRENT_PROJECT_VERSION = 1;
				DEVELOPMENT_TEAM = 247V527KAQ;
				ENABLE_PREVIEWS = YES;
				GENERATE_INFOPLIST_FILE = YES;
				INFOPLIST_KEY_UIApplicationSceneManifest_Generation = YES;
				LD_RUNPATH_SEARCH_PATHS = (
					"$(inherited)",
					"@executable_path/Frameworks",
				);
				MARKETING_VERSION = 1.0;
				PRODUCT_BUNDLE_IDENTIFIER = tokyo.shmdevelopment.Day30;
				PRODUCT_NAME = "$(TARGET_NAME)";
				SUPPORTED_PLATFORMS = "xros xrsimulator";
				SWIFT_EMIT_LOC_STRINGS = YES;
				SWIFT_VERSION = 5.0;
				TARGETED_DEVICE_FAMILY = "1,2,7";
			};
			name = Release;
		};
/* End XCBuildConfiguration section */

/* Begin XCConfigurationList section */
		8EF955462A94F488009CE3F3 /* Build configuration list for PBXProject "Day30" */ = {
			isa = XCConfigurationList;
			buildConfigurations = (
				8EF9555D2A94F48A009CE3F3 /* Debug */,
				8EF9555E2A94F48A009CE3F3 /* Release */,
			);
			defaultConfigurationIsVisible = 0;
			defaultConfigurationName = Release;
		};
		8EF9555F2A94F48A009CE3F3 /* Build configuration list for PBXNativeTarget "Day30" */ = {
			isa = XCConfigurationList;
			buildConfigurations = (
				8EF955602A94F48A009CE3F3 /* Debug */,
				8EF955612A94F48A009CE3F3 /* Release */,
			);
			defaultConfigurationIsVisible = 0;
			defaultConfigurationName = Release;
		};
/* End XCConfigurationList section */

/* Begin XCLocalSwiftPackageReference section */
		8E0605172A9A39680028B1D5 /* XCLocalSwiftPackageReference "Packages/RealityKitContent" */ = {
			isa = XCLocalSwiftPackageReference;
			relativePath = Packages/RealityKitContent;
		};
/* End XCLocalSwiftPackageReference section */

/* Begin XCSwiftPackageProductDependency section */
		8E0605182A9A39680028B1D5 /* RealityKitContent */ = {
			isa = XCSwiftPackageProductDependency;
			productName = RealityKitContent;
		};
/* End XCSwiftPackageProductDependency section */
	};
	rootObject = 8EF955432A94F488009CE3F3 /* Project object */;
}
