// !$*UTF8*$!
{
	archiveVersion = 1;
	classes = {
	};
	objectVersion = 56;
	objects = {

/* Begin PBXBuildFile section */
		8EDEEF612AF4E7D7006E9BD5 /* Day34App.swift in Sources */ = {isa = PBXBuildFile; fileRef = 8EDEEF602AF4E7D7006E9BD5 /* Day34App.swift */; };
		8EDEEF632AF4E7D7006E9BD5 /* ContentView.swift in Sources */ = {isa = PBXBuildFile; fileRef = 8EDEEF622AF4E7D7006E9BD5 /* ContentView.swift */; };
		8EDEEF652AF4E7D7006E9BD5 /* ImmersiveView.swift in Sources */ = {isa = PBXBuildFile; fileRef = 8EDEEF642AF4E7D7006E9BD5 /* ImmersiveView.swift */; };
		8EDEEF672AF4E7D8006E9BD5 /* Assets.xcassets in Resources */ = {isa = PBXBuildFile; fileRef = 8EDEEF662AF4E7D8006E9BD5 /* Assets.xcassets */; };
		8EDEEF6A2AF4E7D8006E9BD5 /* Preview Assets.xcassets in Resources */ = {isa = PBXBuildFile; fileRef = 8EDEEF692AF4E7D8006E9BD5 /* Preview Assets.xcassets */; };
		8EDEEF722AF4F0E0006E9BD5 /* ImageTrackingModel.swift in Sources */ = {isa = PBXBuildFile; fileRef = 8EDEEF712AF4F0E0006E9BD5 /* ImageTrackingModel.swift */; };
/* End PBXBuildFile section */

/* Begin PBXFileReference section */
		8EDEEF592AF4E7D7006E9BD5 /* Day34.app */ = {isa = PBXFileReference; explicitFileType = wrapper.application; includeInIndex = 0; path = Day34.app; sourceTree = BUILT_PRODUCTS_DIR; };
		8EDEEF602AF4E7D7006E9BD5 /* Day34App.swift */ = {isa = PBXFileReference; lastKnownFileType = sourcecode.swift; path = Day34App.swift; sourceTree = "<group>"; };
		8EDEEF622AF4E7D7006E9BD5 /* ContentView.swift */ = {isa = PBXFileReference; lastKnownFileType = sourcecode.swift; path = ContentView.swift; sourceTree = "<group>"; };
		8EDEEF642AF4E7D7006E9BD5 /* ImmersiveView.swift */ = {isa = PBXFileReference; lastKnownFileType = sourcecode.swift; path = ImmersiveView.swift; sourceTree = "<group>"; };
		8EDEEF662AF4E7D8006E9BD5 /* Assets.xcassets */ = {isa = PBXFileReference; lastKnownFileType = folder.assetcatalog; path = Assets.xcassets; sourceTree = "<group>"; };
		8EDEEF692AF4E7D8006E9BD5 /* Preview Assets.xcassets */ = {isa = PBXFileReference; lastKnownFileType = folder.assetcatalog; path = "Preview Assets.xcassets"; sourceTree = "<group>"; };
		8EDEEF6B2AF4E7D8006E9BD5 /* Info.plist */ = {isa = PBXFileReference; lastKnownFileType = text.plist.xml; path = Info.plist; sourceTree = "<group>"; };
		8EDEEF712AF4F0E0006E9BD5 /* ImageTrackingModel.swift */ = {isa = PBXFileReference; lastKnownFileType = sourcecode.swift; path = ImageTrackingModel.swift; sourceTree = "<group>"; };
/* End PBXFileReference section */

/* Begin PBXFrameworksBuildPhase section */
		8EDEEF562AF4E7D7006E9BD5 /* Frameworks */ = {
			isa = PBXFrameworksBuildPhase;
			buildActionMask = 2147483647;
			files = (
			);
			runOnlyForDeploymentPostprocessing = 0;
		};
/* End PBXFrameworksBuildPhase section */

/* Begin PBXGroup section */
		8EDEEF502AF4E7D7006E9BD5 = {
			isa = PBXGroup;
			children = (
				8EDEEF5B2AF4E7D7006E9BD5 /* Day34 */,
				8EDEEF5A2AF4E7D7006E9BD5 /* Products */,
			);
			sourceTree = "<group>";
		};
		8EDEEF5A2AF4E7D7006E9BD5 /* Products */ = {
			isa = PBXGroup;
			children = (
				8EDEEF592AF4E7D7006E9BD5 /* Day34.app */,
			);
			name = Products;
			sourceTree = "<group>";
		};
		8EDEEF5B2AF4E7D7006E9BD5 /* Day34 */ = {
			isa = PBXGroup;
			children = (
				8EDEEF602AF4E7D7006E9BD5 /* Day34App.swift */,
				8EDEEF622AF4E7D7006E9BD5 /* ContentView.swift */,
				8EDEEF642AF4E7D7006E9BD5 /* ImmersiveView.swift */,
				8EDEEF712AF4F0E0006E9BD5 /* ImageTrackingModel.swift */,
				8EDEEF662AF4E7D8006E9BD5 /* Assets.xcassets */,
				8EDEEF6B2AF4E7D8006E9BD5 /* Info.plist */,
				8EDEEF682AF4E7D8006E9BD5 /* Preview Content */,
			);
			path = Day34;
			sourceTree = "<group>";
		};
		8EDEEF682AF4E7D8006E9BD5 /* Preview Content */ = {
			isa = PBXGroup;
			children = (
				8EDEEF692AF4E7D8006E9BD5 /* Preview Assets.xcassets */,
			);
			path = "Preview Content";
			sourceTree = "<group>";
		};
/* End PBXGroup section */

/* Begin PBXNativeTarget section */
		8EDEEF582AF4E7D7006E9BD5 /* Day34 */ = {
			isa = PBXNativeTarget;
			buildConfigurationList = 8EDEEF6E2AF4E7D8006E9BD5 /* Build configuration list for PBXNativeTarget "Day34" */;
			buildPhases = (
				8EDEEF552AF4E7D7006E9BD5 /* Sources */,
				8EDEEF562AF4E7D7006E9BD5 /* Frameworks */,
				8EDEEF572AF4E7D7006E9BD5 /* Resources */,
			);
			buildRules = (
			);
			dependencies = (
			);
			name = Day34;
			packageProductDependencies = (
			);
			productName = Day34;
			productReference = 8EDEEF592AF4E7D7006E9BD5 /* Day34.app */;
			productType = "com.apple.product-type.application";
		};
/* End PBXNativeTarget section */

/* Begin PBXProject section */
		8EDEEF512AF4E7D7006E9BD5 /* Project object */ = {
			isa = PBXProject;
			attributes = {
				BuildIndependentTargetsInParallel = 1;
				LastSwiftUpdateCheck = 1510;
				LastUpgradeCheck = 1510;
				TargetAttributes = {
					8EDEEF582AF4E7D7006E9BD5 = {
						CreatedOnToolsVersion = 15.1;
					};
				};
			};
			buildConfigurationList = 8EDEEF542AF4E7D7006E9BD5 /* Build configuration list for PBXProject "Day34" */;
			compatibilityVersion = "Xcode 14.0";
			developmentRegion = en;
			hasScannedForEncodings = 0;
			knownRegions = (
				en,
				Base,
			);
			mainGroup = 8EDEEF502AF4E7D7006E9BD5;
			productRefGroup = 8EDEEF5A2AF4E7D7006E9BD5 /* Products */;
			projectDirPath = "";
			projectRoot = "";
			targets = (
				8EDEEF582AF4E7D7006E9BD5 /* Day34 */,
			);
		};
/* End PBXProject section */

/* Begin PBXResourcesBuildPhase section */
		8EDEEF572AF4E7D7006E9BD5 /* Resources */ = {
			isa = PBXResourcesBuildPhase;
			buildActionMask = 2147483647;
			files = (
				8EDEEF6A2AF4E7D8006E9BD5 /* Preview Assets.xcassets in Resources */,
				8EDEEF672AF4E7D8006E9BD5 /* Assets.xcassets in Resources */,
			);
			runOnlyForDeploymentPostprocessing = 0;
		};
/* End PBXResourcesBuildPhase section */

/* Begin PBXSourcesBuildPhase section */
		8EDEEF552AF4E7D7006E9BD5 /* Sources */ = {
			isa = PBXSourcesBuildPhase;
			buildActionMask = 2147483647;
			files = (
				8EDEEF632AF4E7D7006E9BD5 /* ContentView.swift in Sources */,
				8EDEEF612AF4E7D7006E9BD5 /* Day34App.swift in Sources */,
				8EDEEF722AF4F0E0006E9BD5 /* ImageTrackingModel.swift in Sources */,
				8EDEEF652AF4E7D7006E9BD5 /* ImmersiveView.swift in Sources */,
			);
			runOnlyForDeploymentPostprocessing = 0;
		};
/* End PBXSourcesBuildPhase section */

/* Begin XCBuildConfiguration section */
		8EDEEF6C2AF4E7D8006E9BD5 /* Debug */ = {
			isa = XCBuildConfiguration;
			buildSettings = {
				ALWAYS_SEARCH_USER_PATHS = NO;
				ASSETCATALOG_COMPILER_GENERATE_SWIFT_ASSET_SYMBOL_EXTENSIONS = YES;
				CLANG_ANALYZER_NONNULL = YES;
				CLANG_ANALYZER_NUMBER_OBJECT_CONVERSION = YES_AGGRESSIVE;
				CLANG_CXX_LANGUAGE_STANDARD = "gnu++20";
				CLANG_ENABLE_MODULES = YES;
				CLANG_ENABLE_OBJC_ARC = YES;
				CLANG_ENABLE_OBJC_WEAK = YES;
				CLANG_WARN_BLOCK_CAPTURE_AUTORELEASING = YES;
				CLANG_WARN_BOOL_CONVERSION = YES;
				CLANG_WARN_COMMA = YES;
				CLANG_WARN_CONSTANT_CONVERSION = YES;
				CLANG_WARN_DEPRECATED_OBJC_IMPLEMENTATIONS = YES;
				CLANG_WARN_DIRECT_OBJC_ISA_USAGE = YES_ERROR;
				CLANG_WARN_DOCUMENTATION_COMMENTS = YES;
				CLANG_WARN_EMPTY_BODY = YES;
				CLANG_WARN_ENUM_CONVERSION = YES;
				CLANG_WARN_INFINITE_RECURSION = YES;
				CLANG_WARN_INT_CONVERSION = YES;
				CLANG_WARN_NON_LITERAL_NULL_CONVERSION = YES;
				CLANG_WARN_OBJC_IMPLICIT_RETAIN_SELF = YES;
				CLANG_WARN_OBJC_LITERAL_CONVERSION = YES;
				CLANG_WARN_OBJC_ROOT_CLASS = YES_ERROR;
				CLANG_WARN_QUOTED_INCLUDE_IN_FRAMEWORK_HEADER = YES;
				CLANG_WARN_RANGE_LOOP_ANALYSIS = YES;
				CLANG_WARN_STRICT_PROTOTYPES = YES;
				CLANG_WARN_SUSPICIOUS_MOVE = YES;
				CLANG_WARN_UNGUARDED_AVAILABILITY = YES_AGGRESSIVE;
				CLANG_WARN_UNREACHABLE_CODE = YES;
				CLANG_WARN__DUPLICATE_METHOD_MATCH = YES;
				COPY_PHASE_STRIP = NO;
				DEBUG_INFORMATION_FORMAT = dwarf;
				ENABLE_STRICT_OBJC_MSGSEND = YES;
				ENABLE_TESTABILITY = YES;
				ENABLE_USER_SCRIPT_SANDBOXING = YES;
				GCC_C_LANGUAGE_STANDARD = gnu17;
				GCC_DYNAMIC_NO_PIC = NO;
				GCC_NO_COMMON_BLOCKS = YES;
				GCC_OPTIMIZATION_LEVEL = 0;
				GCC_PREPROCESSOR_DEFINITIONS = (
					"DEBUG=1",
					"$(inherited)",
				);
				GCC_WARN_64_TO_32_BIT_CONVERSION = YES;
				GCC_WARN_ABOUT_RETURN_TYPE = YES_ERROR;
				GCC_WARN_UNDECLARED_SELECTOR = YES;
				GCC_WARN_UNINITIALIZED_AUTOS = YES_AGGRESSIVE;
				GCC_WARN_UNUSED_FUNCTION = YES;
				GCC_WARN_UNUSED_VARIABLE = YES;
				LOCALIZATION_PREFERS_STRING_CATALOGS = YES;
				MTL_ENABLE_DEBUG_INFO = INCLUDE_SOURCE;
				MTL_FAST_MATH = YES;
				ONLY_ACTIVE_ARCH = YES;
				SDKROOT = xros;
				SWIFT_ACTIVE_COMPILATION_CONDITIONS = "DEBUG $(inherited)";
				SWIFT_OPTIMIZATION_LEVEL = "-Onone";
				XROS_DEPLOYMENT_TARGET = 1.0;
			};
			name = Debug;
		};
		8EDEEF6D2AF4E7D8006E9BD5 /* Release */ = {
			isa = XCBuildConfiguration;
			buildSettings = {
				ALWAYS_SEARCH_USER_PATHS = NO;
				ASSETCATALOG_COMPILER_GENERATE_SWIFT_ASSET_SYMBOL_EXTENSIONS = YES;
				CLANG_ANALYZER_NONNULL = YES;
				CLANG_ANALYZER_NUMBER_OBJECT_CONVERSION = YES_AGGRESSIVE;
				CLANG_CXX_LANGUAGE_STANDARD = "gnu++20";
				CLANG_ENABLE_MODULES = YES;
				CLANG_ENABLE_OBJC_ARC = YES;
				CLANG_ENABLE_OBJC_WEAK = YES;
				CLANG_WARN_BLOCK_CAPTURE_AUTORELEASING = YES;
				CLANG_WARN_BOOL_CONVERSION = YES;
				CLANG_WARN_COMMA = YES;
				CLANG_WARN_CONSTANT_CONVERSION = YES;
				CLANG_WARN_DEPRECATED_OBJC_IMPLEMENTATIONS = YES;
				CLANG_WARN_DIRECT_OBJC_ISA_USAGE = YES_ERROR;
				CLANG_WARN_DOCUMENTATION_COMMENTS = YES;
				CLANG_WARN_EMPTY_BODY = YES;
				CLANG_WARN_ENUM_CONVERSION = YES;
				CLANG_WARN_INFINITE_RECURSION = YES;
				CLANG_WARN_INT_CONVERSION = YES;
				CLANG_WARN_NON_LITERAL_NULL_CONVERSION = YES;
				CLANG_WARN_OBJC_IMPLICIT_RETAIN_SELF = YES;
				CLANG_WARN_OBJC_LITERAL_CONVERSION = YES;
				CLANG_WARN_OBJC_ROOT_CLASS = YES_ERROR;
				CLANG_WARN_QUOTED_INCLUDE_IN_FRAMEWORK_HEADER = YES;
				CLANG_WARN_RANGE_LOOP_ANALYSIS = YES;
				CLANG_WARN_STRICT_PROTOTYPES = YES;
				CLANG_WARN_SUSPICIOUS_MOVE = YES;
				CLANG_WARN_UNGUARDED_AVAILABILITY = YES_AGGRESSIVE;
				CLANG_WARN_UNREACHABLE_CODE = YES;
				CLANG_WARN__DUPLICATE_METHOD_MATCH = YES;
				COPY_PHASE_STRIP = NO;
				DEBUG_INFORMATION_FORMAT = "dwarf-with-dsym";
				ENABLE_NS_ASSERTIONS = NO;
				ENABLE_STRICT_OBJC_MSGSEND = YES;
				ENABLE_USER_SCRIPT_SANDBOXING = YES;
				GCC_C_LANGUAGE_STANDARD = gnu17;
				GCC_NO_COMMON_BLOCKS = YES;
				GCC_WARN_64_TO_32_BIT_CONVERSION = YES;
				GCC_WARN_ABOUT_RETURN_TYPE = YES_ERROR;
				GCC_WARN_UNDECLARED_SELECTOR = YES;
				GCC_WARN_UNINITIALIZED_AUTOS = YES_AGGRESSIVE;
				GCC_WARN_UNUSED_FUNCTION = YES;
				GCC_WARN_UNUSED_VARIABLE = YES;
				LOCALIZATION_PREFERS_STRING_CATALOGS = YES;
				MTL_ENABLE_DEBUG_INFO = NO;
				MTL_FAST_MATH = YES;
				SDKROOT = xros;
				SWIFT_COMPILATION_MODE = wholemodule;
				VALIDATE_PRODUCT = YES;
				XROS_DEPLOYMENT_TARGET = 1.0;
			};
			name = Release;
		};
		8EDEEF6F2AF4E7D8006E9BD5 /* Debug */ = {
			isa = XCBuildConfiguration;
			buildSettings = {
				ASSETCATALOG_COMPILER_APPICON_NAME = AppIcon;
				ASSETCATALOG_COMPILER_GLOBAL_ACCENT_COLOR_NAME = AccentColor;
				CODE_SIGN_STYLE = Automatic;
				CURRENT_PROJECT_VERSION = 1;
				DEVELOPMENT_ASSET_PATHS = "\"Day34/Preview Content\"";
				DEVELOPMENT_TEAM = 247V527KAQ;
				ENABLE_PREVIEWS = YES;
				GENERATE_INFOPLIST_FILE = YES;
				INFOPLIST_FILE = "$(TARGET_NAME)/Info.plist";
				LD_RUNPATH_SEARCH_PATHS = (
					"$(inherited)",
					"@executable_path/Frameworks",
				);
				MARKETING_VERSION = 1.0;
				PRODUCT_BUNDLE_IDENTIFIER = tokyo.shmdevelopment.Day34;
				PRODUCT_NAME = "$(TARGET_NAME)";
				SUPPORTED_PLATFORMS = "xros xrsimulator";
				SWIFT_EMIT_LOC_STRINGS = YES;
				SWIFT_VERSION = 5.0;
				TARGETED_DEVICE_FAMILY = "1,2,7";
			};
			name = Debug;
		};
		8EDEEF702AF4E7D8006E9BD5 /* Release */ = {
			isa = XCBuildConfiguration;
			buildSettings = {
				ASSETCATALOG_COMPILER_APPICON_NAME = AppIcon;
				ASSETCATALOG_COMPILER_GLOBAL_ACCENT_COLOR_NAME = AccentColor;
				CODE_SIGN_STYLE = Automatic;
				CURRENT_PROJECT_VERSION = 1;
				DEVELOPMENT_ASSET_PATHS = "\"Day34/Preview Content\"";
				DEVELOPMENT_TEAM = 247V527KAQ;
				ENABLE_PREVIEWS = YES;
				GENERATE_INFOPLIST_FILE = YES;
				INFOPLIST_FILE = "$(TARGET_NAME)/Info.plist";
				LD_RUNPATH_SEARCH_PATHS = (
					"$(inherited)",
					"@executable_path/Frameworks",
				);
				MARKETING_VERSION = 1.0;
				PRODUCT_BUNDLE_IDENTIFIER = tokyo.shmdevelopment.Day34;
				PRODUCT_NAME = "$(TARGET_NAME)";
				SUPPORTED_PLATFORMS = "xros xrsimulator";
				SWIFT_EMIT_LOC_STRINGS = YES;
				SWIFT_VERSION = 5.0;
				TARGETED_DEVICE_FAMILY = "1,2,7";
			};
			name = Release;
		};
/* End XCBuildConfiguration section */

/* Begin XCConfigurationList section */
		8EDEEF542AF4E7D7006E9BD5 /* Build configuration list for PBXProject "Day34" */ = {
			isa = XCConfigurationList;
			buildConfigurations = (
				8EDEEF6C2AF4E7D8006E9BD5 /* Debug */,
				8EDEEF6D2AF4E7D8006E9BD5 /* Release */,
			);
			defaultConfigurationIsVisible = 0;
			defaultConfigurationName = Release;
		};
		8EDEEF6E2AF4E7D8006E9BD5 /* Build configuration list for PBXNativeTarget "Day34" */ = {
			isa = XCConfigurationList;
			buildConfigurations = (
				8EDEEF6F2AF4E7D8006E9BD5 /* Debug */,
				8EDEEF702AF4E7D8006E9BD5 /* Release */,
			);
			defaultConfigurationIsVisible = 0;
			defaultConfigurationName = Release;
		};
/* End XCConfigurationList section */
	};
	rootObject = 8EDEEF512AF4E7D7006E9BD5 /* Project object */;
}
